
Microsoft Visual Studio Solution File, Format Version 12.00
# Visual Studio Version 18
VisualStudioVersion = 18.0.11222.15
MinimumVisualStudioVersion = 10.0.40219.1
Project("{FAE04EC0-301F-11D3-BF4B-00C04F79EFBC}") = "RoboutesTentacleBurgers", "RoboutesTentacleBurgers\RoboutesTentacleBurgers.csproj", "{CFE0A1E5-40BA-4F92-83B4-4D528F27FF5B}"
EndProject
Project("{FAE04EC0-301F-11D3-BF4B-00C04F79EFBC}") = "SpectralXAXA", "SpectralXAXA\SpectralXAXA.csproj", "{FB1CB054-706F-4909-B0A8-9759C79052A5}"
EndProject
Project("{FAE04EC0-301F-11D3-BF4B-00C04F79EFBC}") = "SpectralXBXB", "SpectralXBXB\SpectralXBXB.csproj", "{DFFC6E2E-7113-4050-B032-3CF8B8AA3CEE}"
EndProject
Project("{FAE04EC0-301F-11D3-BF4B-00C04F79EFBC}") = "ElonSpaceX", "ElonSpaceX\ElonSpaceX.csproj", "{8CA5C032-0CEB-44A5-AB47-A706DBE80C72}"
EndProject
Project("{FAE04EC0-301F-11D3-BF4B-00C04F79EFBC}") = "SnowX", "SnowX\SnowX.csproj", "{54C4DBCC-CDB7-4B5A-B3F8-91C0CF2EB1C2}"
EndProject
Project("{FAE04EC0-301F-11D3-BF4B-00C04F79EFBC}") = "LavaLampLibrary", "LavaLampLibrary\LavaLampLibrary.csproj", "{3D9DDB5D-9C67-460D-AE64-B2DC011F17BF}"
EndProject
Project("{FAE04EC0-301F-11D3-BF4B-00C04F79EFBC}") = "CalculonLibrary", "CalculonLibrary\CalculonLibrary.csproj", "{08FFD96F-C8CC-48F3-8578-FBCBF67E7C7E}"
EndProject
Project("{FAE04EC0-301F-11D3-BF4B-00C04F79EFBC}") = "DCLibrary", "DCLibrary\DCLibrary.csproj", "{6BDDD089-F936-47B8-AAAC-75F06AFE4083}"
EndProject
Project("{FAE04EC0-301F-11D3-BF4B-00C04F79EFBC}") = "BWP", "BWP\BWP.csproj", "{EC7BB2B6-331F-458D-B449-C5502D10C2B7}"
EndProject
Project("{FAE04EC0-301F-11D3-BF4B-00C04F79EFBC}") = "SpectralXGLX", "SpectralXGLX\SpectralXGLX.csproj", "{00881F40-7504-4ADE-BF5C-8C7367D40125}"
EndProject
Project("{FAE04EC0-301F-11D3-BF4B-00C04F79EFBC}") = "WarCraftLibrary", "WarCraftLibrary\WarCraftLibrary.csproj", "{346FF21F-B0F8-418D-99C4-93DA175FFF3E}"
EndProject
Project("{FAE04EC0-301F-11D3-BF4B-00C04F79EFBC}") = "ChemCalc", "ChemCalc\ChemCalc.csproj", "{D04C786C-2017-4F75-B83C-E55658A9DE51}"
EndProject
Project("{FAE04EC0-301F-11D3-BF4B-00C04F79EFBC}") = "AntigenHunterLibrary", "AntigenHunterLibrary\AntigenHunterLibrary.csproj", "{15E249ED-3CC2-4632-8C1F-C63FEF756FC1}"
EndProject
Global
	GlobalSection(SolutionConfigurationPlatforms) = preSolution
		Debug|Any CPU = Debug|Any CPU
		Release|Any CPU = Release|Any CPU
	EndGlobalSection
	GlobalSection(ProjectConfigurationPlatforms) = postSolution
		{CFE0A1E5-40BA-4F92-83B4-4D528F27FF5B}.Debug|Any CPU.ActiveCfg = Debug|Any CPU
		{CFE0A1E5-40BA-4F92-83B4-4D528F27FF5B}.Debug|Any CPU.Build.0 = Debug|Any CPU
		{CFE0A1E5-40BA-4F92-83B4-4D528F27FF5B}.Release|Any CPU.ActiveCfg = Release|Any CPU
		{CFE0A1E5-40BA-4F92-83B4-4D528F27FF5B}.Release|Any CPU.Build.0 = Release|Any CPU
		{FB1CB054-706F-4909-B0A8-9759C79052A5}.Debug|Any CPU.ActiveCfg = Debug|Any CPU
		{FB1CB054-706F-4909-B0A8-9759C79052A5}.Debug|Any CPU.Build.0 = Debug|Any CPU
		{FB1CB054-706F-4909-B0A8-9759C79052A5}.Release|Any CPU.ActiveCfg = Release|Any CPU
		{FB1CB054-706F-4909-B0A8-9759C79052A5}.Release|Any CPU.Build.0 = Release|Any CPU
		{DFFC6E2E-7113-4050-B032-3CF8B8AA3CEE}.Debug|Any CPU.ActiveCfg = Debug|Any CPU
		{DFFC6E2E-7113-4050-B032-3CF8B8AA3CEE}.Debug|Any CPU.Build.0 = Debug|Any CPU
		{DFFC6E2E-7113-4050-B032-3CF8B8AA3CEE}.Release|Any CPU.ActiveCfg = Release|Any CPU
		{DFFC6E2E-7113-4050-B032-3CF8B8AA3CEE}.Release|Any CPU.Build.0 = Release|Any CPU
		{8CA5C032-0CEB-44A5-AB47-A706DBE80C72}.Debug|Any CPU.ActiveCfg = Debug|Any CPU
		{8CA5C032-0CEB-44A5-AB47-A706DBE80C72}.Debug|Any CPU.Build.0 = Debug|Any CPU
		{8CA5C032-0CEB-44A5-AB47-A706DBE80C72}.Release|Any CPU.ActiveCfg = Release|Any CPU
		{8CA5C032-0CEB-44A5-AB47-A706DBE80C72}.Release|Any CPU.Build.0 = Release|Any CPU
		{54C4DBCC-CDB7-4B5A-B3F8-91C0CF2EB1C2}.Debug|Any CPU.ActiveCfg = Debug|Any CPU
		{54C4DBCC-CDB7-4B5A-B3F8-91C0CF2EB1C2}.Debug|Any CPU.Build.0 = Debug|Any CPU
		{54C4DBCC-CDB7-4B5A-B3F8-91C0CF2EB1C2}.Release|Any CPU.ActiveCfg = Release|Any CPU
		{54C4DBCC-CDB7-4B5A-B3F8-91C0CF2EB1C2}.Release|Any CPU.Build.0 = Release|Any CPU
		{3D9DDB5D-9C67-460D-AE64-B2DC011F17BF}.Debug|Any CPU.ActiveCfg = Debug|Any CPU
		{3D9DDB5D-9C67-460D-AE64-B2DC011F17BF}.Debug|Any CPU.Build.0 = Debug|Any CPU
		{3D9DDB5D-9C67-460D-AE64-B2DC011F17BF}.Release|Any CPU.ActiveCfg = Release|Any CPU
		{3D9DDB5D-9C67-460D-AE64-B2DC011F17BF}.Release|Any CPU.Build.0 = Release|Any CPU
		{08FFD96F-C8CC-48F3-8578-FBCBF67E7C7E}.Debug|Any CPU.ActiveCfg = Debug|Any CPU
		{08FFD96F-C8CC-48F3-8578-FBCBF67E7C7E}.Debug|Any CPU.Build.0 = Debug|Any CPU
		{08FFD96F-C8CC-48F3-8578-FBCBF67E7C7E}.Release|Any CPU.ActiveCfg = Release|Any CPU
		{08FFD96F-C8CC-48F3-8578-FBCBF67E7C7E}.Release|Any CPU.Build.0 = Release|Any CPU
		{6BDDD089-F936-47B8-AAAC-75F06AFE4083}.Debug|Any CPU.ActiveCfg = Debug|Any CPU
		{6BDDD089-F936-47B8-AAAC-75F06AFE4083}.Debug|Any CPU.Build.0 = Debug|Any CPU
		{6BDDD089-F936-47B8-AAAC-75F06AFE4083}.Release|Any CPU.ActiveCfg = Release|Any CPU
		{6BDDD089-F936-47B8-AAAC-75F06AFE4083}.Release|Any CPU.Build.0 = Release|Any CPU
		{EC7BB2B6-331F-458D-B449-C5502D10C2B7}.Debug|Any CPU.ActiveCfg = Debug|Any CPU
		{EC7BB2B6-331F-458D-B449-C5502D10C2B7}.Debug|Any CPU.Build.0 = Debug|Any CPU
		{EC7BB2B6-331F-458D-B449-C5502D10C2B7}.Release|Any CPU.ActiveCfg = Release|Any CPU
		{EC7BB2B6-331F-458D-B449-C5502D10C2B7}.Release|Any CPU.Build.0 = Release|Any CPU
		{00881F40-7504-4ADE-BF5C-8C7367D40125}.Debug|Any CPU.ActiveCfg = Debug|Any CPU
		{00881F40-7504-4ADE-BF5C-8C7367D40125}.Debug|Any CPU.Build.0 = Debug|Any CPU
		{00881F40-7504-4ADE-BF5C-8C7367D40125}.Release|Any CPU.ActiveCfg = Release|Any CPU
		{00881F40-7504-4ADE-BF5C-8C7367D40125}.Release|Any CPU.Build.0 = Release|Any CPU
		{346FF21F-B0F8-418D-99C4-93DA175FFF3E}.Debug|Any CPU.ActiveCfg = Debug|Any CPU
		{346FF21F-B0F8-418D-99C4-93DA175FFF3E}.Debug|Any CPU.Build.0 = Debug|Any CPU
		{346FF21F-B0F8-418D-99C4-93DA175FFF3E}.Release|Any CPU.ActiveCfg = Release|Any CPU
		{346FF21F-B0F8-418D-99C4-93DA175FFF3E}.Release|Any CPU.Build.0 = Release|Any CPU
		{D04C786C-2017-4F75-B83C-E55658A9DE51}.Debug|Any CPU.ActiveCfg = Debug|Any CPU
		{D04C786C-2017-4F75-B83C-E55658A9DE51}.Debug|Any CPU.Build.0 = Debug|Any CPU
		{D04C786C-2017-4F75-B83C-E55658A9DE51}.Release|Any CPU.ActiveCfg = Release|Any CPU
		{D04C786C-2017-4F75-B83C-E55658A9DE51}.Release|Any CPU.Build.0 = Release|Any CPU
		{15E249ED-3CC2-4632-8C1F-C63FEF756FC1}.Debug|Any CPU.ActiveCfg = Debug|Any CPU
		{15E249ED-3CC2-4632-8C1F-C63FEF756FC1}.Debug|Any CPU.Build.0 = Debug|Any CPU
		{15E249ED-3CC2-4632-8C1F-C63FEF756FC1}.Release|Any CPU.ActiveCfg = Release|Any CPU
		{15E249ED-3CC2-4632-8C1F-C63FEF756FC1}.Release|Any CPU.Build.0 = Release|Any CPU
	EndGlobalSection
	GlobalSection(SolutionProperties) = preSolution
		HideSolutionNode = FALSE
	EndGlobalSection
	GlobalSection(ExtensibilityGlobals) = postSolution
		SolutionGuid = {21681B67-2A98-4334-9134-4D6C18950D0E}
	EndGlobalSection
EndGlobal
